
Microsoft Visual Studio Solution File, Format Version 12.00
# Visual Studio Version 17
VisualStudioVersion = 17.0.31903.59
MinimumVisualStudioVersion = 10.0.40219.1
Project("{FAE04EC0-301F-11D3-BF4B-00C04F79EFBC}") = "SkyOps.Api", "SkyOps.Api\SkyOps.Api.csproj", "{BB17A041-AADD-4EF9-8420-A10A207FE771}"
EndProject
Project("{FAE04EC0-301F-11D3-BF4B-00C04F79EFBC}") = "SkyConvert.Api", "SkyConvert.Api\SkyConvert.Api.csproj", "{C345BF13-92A6-40FA-9946-CBEE04F94A40}"
EndProject
Project("{FAE04EC0-301F-11D3-BF4B-00C04F79EFBC}") = "TailBlaze", "TailBlaze\TailBlaze.csproj", "{644C8A3B-498E-4385-BDDD-5847217FA644}"
EndProject
Global
	GlobalSection(SolutionConfigurationPlatforms) = preSolution
		Debug|Any CPU = Debug|Any CPU
		Release|Any CPU = Release|Any CPU
	EndGlobalSection
	GlobalSection(SolutionProperties) = preSolution
		HideSolutionNode = FALSE
	EndGlobalSection
	GlobalSection(ProjectConfigurationPlatforms) = postSolution
		{BB17A041-AADD-4EF9-8420-A10A207FE771}.Debug|Any CPU.ActiveCfg = Debug|Any CPU
		{BB17A041-AADD-4EF9-8420-A10A207FE771}.Debug|Any CPU.Build.0 = Debug|Any CPU
		{BB17A041-AADD-4EF9-8420-A10A207FE771}.Release|Any CPU.ActiveCfg = Release|Any CPU
		{BB17A041-AADD-4EF9-8420-A10A207FE771}.Release|Any CPU.Build.0 = Release|Any CPU
		{C345BF13-92A6-40FA-9946-CBEE04F94A40}.Debug|Any CPU.ActiveCfg = Debug|Any CPU
		{C345BF13-92A6-40FA-9946-CBEE04F94A40}.Debug|Any CPU.Build.0 = Debug|Any CPU
		{C345BF13-92A6-40FA-9946-CBEE04F94A40}.Release|Any CPU.ActiveCfg = Release|Any CPU
		{C345BF13-92A6-40FA-9946-CBEE04F94A40}.Release|Any CPU.Build.0 = Release|Any CPU
		{644C8A3B-498E-4385-BDDD-5847217FA644}.Debug|Any CPU.ActiveCfg = Debug|Any CPU
		{644C8A3B-498E-4385-BDDD-5847217FA644}.Debug|Any CPU.Build.0 = Debug|Any CPU
		{644C8A3B-498E-4385-BDDD-5847217FA644}.Release|Any CPU.ActiveCfg = Release|Any CPU
		{644C8A3B-498E-4385-BDDD-5847217FA644}.Release|Any CPU.Build.0 = Release|Any CPU
	EndGlobalSection
EndGlobal
